
Microsoft Visual Studio Solution File, Format Version 12.00
# Visual Studio Version 16
VisualStudioVersion = 16.0.810.20
MinimumVisualStudioVersion = 10.0.40219.1
Project("{FAE04EC0-301F-11D3-BF4B-00C04F79EFBC}") = "VariablesConsule", "VariablesConsule\VariablesConsule.csproj", "{AA5B4393-B8F7-47A3-B760-6DC6B2FF7382}"
EndProject
Global
	GlobalSection(SolutionConfigurationPlatforms) = preSolution
		Debug|Any CPU = Debug|Any CPU
		Release|Any CPU = Release|Any CPU
	EndGlobalSection
	GlobalSection(ProjectConfigurationPlatforms) = postSolution
		{AA5B4393-B8F7-47A3-B760-6DC6B2FF7382}.Debug|Any CPU.ActiveCfg = Debug|Any CPU
		{AA5B4393-B8F7-47A3-B760-6DC6B2FF7382}.Debug|Any CPU.Build.0 = Debug|Any CPU
		{AA5B4393-B8F7-47A3-B760-6DC6B2FF7382}.Release|Any CPU.ActiveCfg = Release|Any CPU
		{AA5B4393-B8F7-47A3-B760-6DC6B2FF7382}.Release|Any CPU.Build.0 = Release|Any CPU
	EndGlobalSection
	GlobalSection(SolutionProperties) = preSolution
		HideSolutionNode = FALSE
	EndGlobalSection
	GlobalSection(ExtensibilityGlobals) = postSolution
		SolutionGuid = {088FA393-165F-4899-89EF-4E65C65477DD}
	EndGlobalSection
EndGlobal
